PODS:
  - Masonry (1.0.0.200406133247)
  - PodfileScript (0.1.0):
    - Masonry

DEPENDENCIES:
  - PodfileScript (from `../`)

SPEC REPOS:
  https://code.aliyun.com/mpaas-public/podspecs.git:
    - Masonry

EXTERNAL SOURCES:
  PodfileScript:
    :path: "../"

SPEC CHECKSUMS:
  Masonry: a7bc2457b0b351ffbe457916ebab6d57865f09a2
  PodfileScript: a2bfd6c7e09762f1d6f8ced295dc142de376ab1e

PODFILE CHECKSUM: 94e6810edf832cad2c5d9c2eee7bacbf19168fca

COCOAPODS: 1.11.2
