PODS:
  - Masonry (1.0.0.200406133247)
  - PodfileScript (0.1.0):
    - Masonry

DEPENDENCIES:
  - PodfileScript (from `../`)

SPEC REPOS:
  https://code.aliyun.com/mpaas-public/podspecs.git:
    - Masonry

EXTERNAL SOURCES:
  PodfileScript:
    :path: "../"

SPEC CHECKSUMS:
  Masonry: 5ab47bda82b94c787a11b96708c5973954f92a30
  PodfileScript: a2bfd6c7e09762f1d6f8ced295dc142de376ab1e

PODFILE CHECKSUM: f9d2cf5be9d319c9836d95f7d1ff471ca402dc40

COCOAPODS: 1.11.2
