PODS:
  - AwesomeSDK (0.0.1)

DEPENDENCIES:
  - AwesomeSDK (from `./AwesomeSDK/AwesomeSDK_dynamic_framework.podspec`)

EXTERNAL SOURCES:
  AwesomeSDK:
    :path: "./AwesomeSDK/AwesomeSDK_dynamic_framework.podspec"

SPEC CHECKSUMS:
  AwesomeSDK: 5b841172acc769526abf4a9a9bea909e4702cde2

PODFILE CHECKSUM: 9ef95698b92a0966275fc404bece4340da000574

COCOAPODS: 1.11.3
