PODS:
  - PodspecIgnoreWarnings (0.1.0)

DEPENDENCIES:
  - PodspecIgnoreWarnings (from `../`)

EXTERNAL SOURCES:
  PodspecIgnoreWarnings:
    :path: "../"

SPEC CHECKSUMS:
  PodspecIgnoreWarnings: 7712a39fa4ae200c1c2eef93db018852aa9e8430

PODFILE CHECKSUM: 833b5733031a85b32dee6199eb860f43a3eccd9a

COCOAPODS: 1.11.2
