PODS:
  - PodspecResourceBundle (0.1.0)

DEPENDENCIES:
  - PodspecResourceBundle (from `../PodspecResourceBundle.podspec.json`)

EXTERNAL SOURCES:
  PodspecResourceBundle:
    :path: "../PodspecResourceBundle.podspec.json"

SPEC CHECKSUMS:
  PodspecResourceBundle: bccb4bd98e807742189a57a8a24dba16e07e5d07

PODFILE CHECKSUM: 502551ec53364f36c3f79df74bcadfa95af808c8

COCOAPODS: 1.11.2
